PODS:
  - DTAsyncIO (0.2.16):
    - DTObservable (= 0.4.2)
  - DTObservable (0.4.2)

DEPENDENCIES:
  - DTAsyncIO (from `../`)

EXTERNAL SOURCES:
  DTAsyncIO:
    :path: ../

SPEC CHECKSUMS:
  DTAsyncIO: a20d2eb0edf832ac68b8cfd51c782da4e5492140
  DTObservable: 9680bf98c8fdfec50a36489f18c910f973e67fd5

COCOAPODS: 0.37.0.rc.1
