PODS:
  - DTAsyncIO (0.2.13):
    - DTObservable (= 0.4)
  - DTObservable (0.4)

DEPENDENCIES:
  - DTAsyncIO (from `../`)

EXTERNAL SOURCES:
  DTAsyncIO:
    :path: ../

SPEC CHECKSUMS:
  DTAsyncIO: 0ce9f9533048867f00e05535846cd1ceaae10813
  DTObservable: d4ba201bdf7401194a40b8efc912e9851f54868a

COCOAPODS: 0.36.3
