PODS:
  - DTAsyncIO (0.2.10):
    - DTObservable (= 0.2.3)
  - DTObservable (0.2.3)

DEPENDENCIES:
  - DTAsyncIO (from `../`)

EXTERNAL SOURCES:
  DTAsyncIO:
    :path: ../

SPEC CHECKSUMS:
  DTAsyncIO: fdc7ad1dc804a99da87d4abfc226c5848acbef8a
  DTObservable: fb696c0e9a27396ef66733922dc80ceee62722d6

COCOAPODS: 0.36.0
